{
  "originHash" : "b99c6ef93d7c72571e31b28546f44477a16f018e57af0269eeabafe0d2fc9e84",
  "pins" : [
    {
      "identity" : "swift-system",
      "kind" : "remoteSourceControl",
      "location" : "https://github.com/apple/swift-system.git",
      "state" : {
        "revision" : "c8a44d836fe7913603e246acab7c528c2e780168",
        "version" : "1.4.0"
      }
    }
  ],
  "version" : 3
}
