{
  "originHash" : "e5216e790a5cffaa985fb037c3fe7f65c2797907207bef8c37ecda3dd9600f4f",
  "pins" : [
    {
      "identity" : "swift-syntax",
      "kind" : "remoteSourceControl",
      "location" : "https://github.com/apple/swift-syntax.git",
      "state" : {
        "revision" : "06b5cdc432e93b60e3bdf53aff2857c6b312991a",
        "version" : "600.0.0-prerelease-2024-07-30"
      }
    },
    {
      "identity" : "swift-testing",
      "kind" : "remoteSourceControl",
      "location" : "https://github.com/apple/swift-testing.git",
      "state" : {
        "branch" : "main",
        "revision" : "3f73ced40e763ec193a4180726578ab430218abe"
      }
    }
  ],
  "version" : 3
}
